// !$*UTF8*$!
{
	archiveVersion = 1;
	classes = {
	};
	objectVersion = 77;
	objects = {

/* Begin PBXContainerItemProxy section */
		AFA54DCC2DE75AFC003CC9EC /* PBXContainerItemProxy */ = {
			isa = PBXContainerItemProxy;
			containerPortal = AFA54DB32DE75AF9003CC9EC /* Project object */;
			proxyType = 1;
			remoteGlobalIDString = AFA54DBA2DE75AF9003CC9EC;
			remoteInfo = SlotGame;
		};
		AFA54DD62DE75AFC003CC9EC /* PBXContainerItemProxy */ = {
			isa = PBXContainerItemProxy;
			containerPortal = AFA54DB32DE75AF9003CC9EC /* Project object */;
			proxyType = 1;
			remoteGlobalIDString = AFA54DBA2DE75AF9003CC9EC;
			remoteInfo = SlotGame;
		};
/* End PBXContainerItemProxy section */

/* Begin PBXFileReference section */
		AFA54DBB2DE75AF9003CC9EC /* SlotGame.app */ = {isa = PBXFileReference; explicitFileType = wrapper.application; includeInIndex = 0; path = SlotGame.app; sourceTree = BUILT_PRODUCTS_DIR; };
		AFA54DCB2DE75AFC003CC9EC /* SlotGameTests.xctest */ = {isa = PBXFileReference; explicitFileType = wrapper.cfbundle; includeInIndex = 0; path = SlotGameTests.xctest; sourceTree = BUILT_PRODUCTS_DIR; };
		AFA54DD52DE75AFC003CC9EC /* SlotGameUITests.xctest */ = {isa = PBXFileReference; explicitFileType = wrapper.cfbundle; includeInIndex = 0; path = SlotGameUITests.xctest; sourceTree = BUILT_PRODUCTS_DIR; };
/* End PBXFileReference section */

/* Begin PBXFileSystemSynchronizedRootGroup section */
		AFA54DBD2DE75AF9003CC9EC /* SlotGame */ = {
			isa = PBXFileSystemSynchronizedRootGroup;
			path = SlotGame;
			sourceTree = "<group>";
		};
		AFA54DCE2DE75AFC003CC9EC /* SlotGameTests */ = {
			isa = PBXFileSystemSynchronizedRootGroup;
			path = SlotGameTests;
			sourceTree = "<group>";
		};
		AFA54DD82DE75AFC003CC9EC /* SlotGameUITests */ = {
			isa = PBXFileSystemSynchronizedRootGroup;
			path = SlotGameUITests;
			sourceTree = "<group>";
		};
/* End PBXFileSystemSynchronizedRootGroup section */

/* Begin PBXFrameworksBuildPhase section */
		AFA54DB82DE75AF9003CC9EC /* Frameworks */ = {
			isa = PBXFrameworksBuildPhase;
			buildActionMask = 2147483647;
			files = (
			);
			runOnlyForDeploymentPostprocessing = 0;
		};
		AFA54DC82DE75AFC003CC9EC /* Frameworks */ = {
			isa = PBXFrameworksBuildPhase;
			buildActionMask = 2147483647;
			files = (
			);
			runOnlyForDeploymentPostprocessing = 0;
		};
		AFA54DD22DE75AFC003CC9EC /* Frameworks */ = {
			isa = PBXFrameworksBuildPhase;
			buildActionMask = 2147483647;
			files = (
			);
			runOnlyForDeploymentPostprocessing = 0;
		};
/* End PBXFrameworksBuildPhase section */

/* Begin PBXGroup section */
		AFA54DB22DE75AF9003CC9EC = {
			isa = PBXGroup;
			children = (
				AFA54DBD2DE75AF9003CC9EC /* SlotGame */,
				AFA54DCE2DE75AFC003CC9EC /* SlotGameTests */,
				AFA54DD82DE75AFC003CC9EC /* SlotGameUITests */,
				AFA54DBC2DE75AF9003CC9EC /* Products */,
			);
			sourceTree = "<group>";
		};
		AFA54DBC2DE75AF9003CC9EC /* Products */ = {
			isa = PBXGroup;
			children = (
				AFA54DBB2DE75AF9003CC9EC /* SlotGame.app */,
				AFA54DCB2DE75AFC003CC9EC /* SlotGameTests.xctest */,
				AFA54DD52DE75AFC003CC9EC /* SlotGameUITests.xctest */,
			);
			name = Products;
			sourceTree = "<group>";
		};
/* End PBXGroup section */

/* Begin PBXNativeTarget section */
		AFA54DBA2DE75AF9003CC9EC /* SlotGame */ = {
			isa = PBXNativeTarget;
			buildConfigurationList = AFA54DDF2DE75AFC003CC9EC /* Build configuration list for PBXNativeTarget "SlotGame" */;
			buildPhases = (
				AFA54DB72DE75AF9003CC9EC /* Sources */,
				AFA54DB82DE75AF9003CC9EC /* Frameworks */,
				AFA54DB92DE75AF9003CC9EC /* Resources */,
			);
			buildRules = (
			);
			dependencies = (
			);
			fileSystemSynchronizedGroups = (
				AFA54DBD2DE75AF9003CC9EC /* SlotGame */,
			);
			name = SlotGame;
			packageProductDependencies = (
			);
			productName = SlotGame;
			productReference = AFA54DBB2DE75AF9003CC9EC /* SlotGame.app */;
			productType = "com.apple.product-type.application";
		};
		AFA54DCA2DE75AFC003CC9EC /* SlotGameTests */ = {
			isa = PBXNativeTarget;
			buildConfigurationList = AFA54DE22DE75AFC003CC9EC /* Build configuration list for PBXNativeTarget "SlotGameTests" */;
			buildPhases = (
				AFA54DC72DE75AFC003CC9EC /* Sources */,
				AFA54DC82DE75AFC003CC9EC /* Frameworks */,
				AFA54DC92DE75AFC003CC9EC /* Resources */,
			);
			buildRules = (
			);
			dependencies = (
				AFA54DCD2DE75AFC003CC9EC /* PBXTargetDependency */,
			);
			fileSystemSynchronizedGroups = (
				AFA54DCE2DE75AFC003CC9EC /* SlotGameTests */,
			);
			name = SlotGameTests;
			packageProductDependencies = (
			);
			productName = SlotGameTests;
			productReference = AFA54DCB2DE75AFC003CC9EC /* SlotGameTests.xctest */;
			productType = "com.apple.product-type.bundle.unit-test";
		};
		AFA54DD42DE75AFC003CC9EC /* SlotGameUITests */ = {
			isa = PBXNativeTarget;
			buildConfigurationList = AFA54DE52DE75AFC003CC9EC /* Build configuration list for PBXNativeTarget "SlotGameUITests" */;
			buildPhases = (
				AFA54DD12DE75AFC003CC9EC /* Sources */,
				AFA54DD22DE75AFC003CC9EC /* Frameworks */,
				AFA54DD32DE75AFC003CC9EC /* Resources */,
			);
			buildRules = (
			);
			dependencies = (
				AFA54DD72DE75AFC003CC9EC /* PBXTargetDependency */,
			);
			fileSystemSynchronizedGroups = (
				AFA54DD82DE75AFC003CC9EC /* SlotGameUITests */,
			);
			name = SlotGameUITests;
			packageProductDependencies = (
			);
			productName = SlotGameUITests;
			productReference = AFA54DD52DE75AFC003CC9EC /* SlotGameUITests.xctest */;
			productType = "com.apple.product-type.bundle.ui-testing";
		};
/* End PBXNativeTarget section */

/* Begin PBXProject section */
		AFA54DB32DE75AF9003CC9EC /* Project object */ = {
			isa = PBXProject;
			attributes = {
				BuildIndependentTargetsInParallel = 1;
				LastSwiftUpdateCheck = 1600;
				LastUpgradeCheck = 1600;
				TargetAttributes = {
					AFA54DBA2DE75AF9003CC9EC = {
						CreatedOnToolsVersion = 16.0;
					};
					AFA54DCA2DE75AFC003CC9EC = {
						CreatedOnToolsVersion = 16.0;
						TestTargetID = AFA54DBA2DE75AF9003CC9EC;
					};
					AFA54DD42DE75AFC003CC9EC = {
						CreatedOnToolsVersion = 16.0;
						TestTargetID = AFA54DBA2DE75AF9003CC9EC;
					};
				};
			};
			buildConfigurationList = AFA54DB62DE75AF9003CC9EC /* Build configuration list for PBXProject "SlotGame" */;
			developmentRegion = en;
			hasScannedForEncodings = 0;
			knownRegions = (
				en,
				Base,
			);
			mainGroup = AFA54DB22DE75AF9003CC9EC;
			minimizedProjectReferenceProxies = 1;
			preferredProjectObjectVersion = 77;
			productRefGroup = AFA54DBC2DE75AF9003CC9EC /* Products */;
			projectDirPath = "";
			projectRoot = "";
			targets = (
				AFA54DBA2DE75AF9003CC9EC /* SlotGame */,
				AFA54DCA2DE75AFC003CC9EC /* SlotGameTests */,
				AFA54DD42DE75AFC003CC9EC /* SlotGameUITests */,
			);
		};
/* End PBXProject section */

/* Begin PBXResourcesBuildPhase section */
		AFA54DB92DE75AF9003CC9EC /* Resources */ = {
			isa = PBXResourcesBuildPhase;
			buildActionMask = 2147483647;
			files = (
			);
			runOnlyForDeploymentPostprocessing = 0;
		};
		AFA54DC92DE75AFC003CC9EC /* Resources */ = {
			isa = PBXResourcesBuildPhase;
			buildActionMask = 2147483647;
			files = (
			);
			runOnlyForDeploymentPostprocessing = 0;
		};
		AFA54DD32DE75AFC003CC9EC /* Resources */ = {
			isa = PBXResourcesBuildPhase;
			buildActionMask = 2147483647;
			files = (
			);
			runOnlyForDeploymentPostprocessing = 0;
		};
/* End PBXResourcesBuildPhase section */

/* Begin PBXSourcesBuildPhase section */
		AFA54DB72DE75AF9003CC9EC /* Sources */ = {
			isa = PBXSourcesBuildPhase;
			buildActionMask = 2147483647;
			files = (
			);
			runOnlyForDeploymentPostprocessing = 0;
		};
		AFA54DC72DE75AFC003CC9EC /* Sources */ = {
			isa = PBXSourcesBuildPhase;
			buildActionMask = 2147483647;
			files = (
			);
			runOnlyForDeploymentPostprocessing = 0;
		};
		AFA54DD12DE75AFC003CC9EC /* Sources */ = {
			isa = PBXSourcesBuildPhase;
			buildActionMask = 2147483647;
			files = (
			);
			runOnlyForDeploymentPostprocessing = 0;
		};
/* End PBXSourcesBuildPhase section */

/* Begin PBXTargetDependency section */
		AFA54DCD2DE75AFC003CC9EC /* PBXTargetDependency */ = {
			isa = PBXTargetDependency;
			target = AFA54DBA2DE75AF9003CC9EC /* SlotGame */;
			targetProxy = AFA54DCC2DE75AFC003CC9EC /* PBXContainerItemProxy */;
		};
		AFA54DD72DE75AFC003CC9EC /* PBXTargetDependency */ = {
			isa = PBXTargetDependency;
			target = AFA54DBA2DE75AF9003CC9EC /* SlotGame */;
			targetProxy = AFA54DD62DE75AFC003CC9EC /* PBXContainerItemProxy */;
		};
/* End PBXTargetDependency section */

/* Begin XCBuildConfiguration section */
		AFA54DDD2DE75AFC003CC9EC /* Debug */ = {
			isa = XCBuildConfiguration;
			buildSettings = {
				ALWAYS_SEARCH_USER_PATHS = NO;
				ASSETCATALOG_COMPILER_GENERATE_SWIFT_ASSET_SYMBOL_EXTENSIONS = YES;
				CLANG_ANALYZER_NONNULL = YES;
				CLANG_ANALYZER_NUMBER_OBJECT_CONVERSION = YES_AGGRESSIVE;
				CLANG_CXX_LANGUAGE_STANDARD = "gnu++20";
				CLANG_ENABLE_MODULES = YES;
				CLANG_ENABLE_OBJC_ARC = YES;
				CLANG_ENABLE_OBJC_WEAK = YES;
				CLANG_WARN_BLOCK_CAPTURE_AUTORELEASING = YES;
				CLANG_WARN_BOOL_CONVERSION = YES;
				CLANG_WARN_COMMA = YES;
				CLANG_WARN_CONSTANT_CONVERSION = YES;
				CLANG_WARN_DEPRECATED_OBJC_IMPLEMENTATIONS = YES;
				CLANG_WARN_DIRECT_OBJC_ISA_USAGE = YES_ERROR;
				CLANG_WARN_DOCUMENTATION_COMMENTS = YES;
				CLANG_WARN_EMPTY_BODY = YES;
				CLANG_WARN_ENUM_CONVERSION = YES;
				CLANG_WARN_INFINITE_RECURSION = YES;
				CLANG_WARN_INT_CONVERSION = YES;
				CLANG_WARN_NON_LITERAL_NULL_CONVERSION = YES;
				CLANG_WARN_OBJC_IMPLICIT_RETAIN_SELF = YES;
				CLANG_WARN_OBJC_LITERAL_CONVERSION = YES;
				CLANG_WARN_OBJC_ROOT_CLASS = YES_ERROR;
				CLANG_WARN_QUOTED_INCLUDE_IN_FRAMEWORK_HEADER = YES;
				CLANG_WARN_RANGE_LOOP_ANALYSIS = YES;
				CLANG_WARN_STRICT_PROTOTYPES = YES;
				CLANG_WARN_SUSPICIOUS_MOVE = YES;
				CLANG_WARN_UNGUARDED_AVAILABILITY = YES_AGGRESSIVE;
				CLANG_WARN_UNREACHABLE_CODE = YES;
				CLANG_WARN__DUPLICATE_METHOD_MATCH = YES;
				COPY_PHASE_STRIP = NO;
				DEBUG_INFORMATION_FORMAT = dwarf;
				ENABLE_STRICT_OBJC_MSGSEND = YES;
				ENABLE_TESTABILITY = YES;
				ENABLE_USER_SCRIPT_SANDBOXING = YES;
				GCC_C_LANGUAGE_STANDARD = gnu17;
				GCC_DYNAMIC_NO_PIC = NO;
				GCC_NO_COMMON_BLOCKS = YES;
				GCC_OPTIMIZATION_LEVEL = 0;
				GCC_PREPROCESSOR_DEFINITIONS = (
					"DEBUG=1",
					"$(inherited)",
				);
				GCC_WARN_64_TO_32_BIT_CONVERSION = YES;
				GCC_WARN_ABOUT_RETURN_TYPE = YES_ERROR;
				GCC_WARN_UNDECLARED_SELECTOR = YES;
				GCC_WARN_UNINITIALIZED_AUTOS = YES_AGGRESSIVE;
				GCC_WARN_UNUSED_FUNCTION = YES;
				GCC_WARN_UNUSED_VARIABLE = YES;
				IPHONEOS_DEPLOYMENT_TARGET = 18.0;
				LOCALIZATION_PREFERS_STRING_CATALOGS = YES;
				MTL_ENABLE_DEBUG_INFO = INCLUDE_SOURCE;
				MTL_FAST_MATH = YES;
				ONLY_ACTIVE_ARCH = YES;
				SDKROOT = iphoneos;
				SWIFT_ACTIVE_COMPILATION_CONDITIONS = "DEBUG $(inherited)";
				SWIFT_OPTIMIZATION_LEVEL = "-Onone";
			};
			name = Debug;
		};
		AFA54DDE2DE75AFC003CC9EC /* Release */ = {
			isa = XCBuildConfiguration;
			buildSettings = {
				ALWAYS_SEARCH_USER_PATHS = NO;
				ASSETCATALOG_COMPILER_GENERATE_SWIFT_ASSET_SYMBOL_EXTENSIONS = YES;
				CLANG_ANALYZER_NONNULL = YES;
				CLANG_ANALYZER_NUMBER_OBJECT_CONVERSION = YES_AGGRESSIVE;
				CLANG_CXX_LANGUAGE_STANDARD = "gnu++20";
				CLANG_ENABLE_MODULES = YES;
				CLANG_ENABLE_OBJC_ARC = YES;
				CLANG_ENABLE_OBJC_WEAK = YES;
				CLANG_WARN_BLOCK_CAPTURE_AUTORELEASING = YES;
				CLANG_WARN_BOOL_CONVERSION = YES;
				CLANG_WARN_COMMA = YES;
				CLANG_WARN_CONSTANT_CONVERSION = YES;
				CLANG_WARN_DEPRECATED_OBJC_IMPLEMENTATIONS = YES;
				CLANG_WARN_DIRECT_OBJC_ISA_USAGE = YES_ERROR;
				CLANG_WARN_DOCUMENTATION_COMMENTS = YES;
				CLANG_WARN_EMPTY_BODY = YES;
				CLANG_WARN_ENUM_CONVERSION = YES;
				CLANG_WARN_INFINITE_RECURSION = YES;
				CLANG_WARN_INT_CONVERSION = YES;
				CLANG_WARN_NON_LITERAL_NULL_CONVERSION = YES;
				CLANG_WARN_OBJC_IMPLICIT_RETAIN_SELF = YES;
				CLANG_WARN_OBJC_LITERAL_CONVERSION = YES;
				CLANG_WARN_OBJC_ROOT_CLASS = YES_ERROR;
				CLANG_WARN_QUOTED_INCLUDE_IN_FRAMEWORK_HEADER = YES;
				CLANG_WARN_RANGE_LOOP_ANALYSIS = YES;
				CLANG_WARN_STRICT_PROTOTYPES = YES;
				CLANG_WARN_SUSPICIOUS_MOVE = YES;
				CLANG_WARN_UNGUARDED_AVAILABILITY = YES_AGGRESSIVE;
				CLANG_WARN_UNREACHABLE_CODE = YES;
				CLANG_WARN__DUPLICATE_METHOD_MATCH = YES;
				COPY_PHASE_STRIP = NO;
				DEBUG_INFORMATION_FORMAT = "dwarf-with-dsym";
				ENABLE_NS_ASSERTIONS = NO;
				ENABLE_STRICT_OBJC_MSGSEND = YES;
				ENABLE_USER_SCRIPT_SANDBOXING = YES;
				GCC_C_LANGUAGE_STANDARD = gnu17;
				GCC_NO_COMMON_BLOCKS = YES;
				GCC_WARN_64_TO_32_BIT_CONVERSION = YES;
				GCC_WARN_ABOUT_RETURN_TYPE = YES_ERROR;
				GCC_WARN_UNDECLARED_SELECTOR = YES;
				GCC_WARN_UNINITIALIZED_AUTOS = YES_AGGRESSIVE;
				GCC_WARN_UNUSED_FUNCTION = YES;
				GCC_WARN_UNUSED_VARIABLE = YES;
				IPHONEOS_DEPLOYMENT_TARGET = 18.0;
				LOCALIZATION_PREFERS_STRING_CATALOGS = YES;
				MTL_ENABLE_DEBUG_INFO = NO;
				MTL_FAST_MATH = YES;
				SDKROOT = iphoneos;
				SWIFT_COMPILATION_MODE = wholemodule;
				VALIDATE_PRODUCT = YES;
			};
			name = Release;
		};
		AFA54DE02DE75AFC003CC9EC /* Debug */ = {
			isa = XCBuildConfiguration;
			buildSettings = {
				ASSETCATALOG_COMPILER_APPICON_NAME = AppIcon;
				ASSETCATALOG_COMPILER_GLOBAL_ACCENT_COLOR_NAME = AccentColor;
				CODE_SIGN_STYLE = Automatic;
				CURRENT_PROJECT_VERSION = 1;
				DEVELOPMENT_ASSET_PATHS = "\"SlotGame/Preview Content\"";
				DEVELOPMENT_TEAM = FRJU8X4XQ8;
				ENABLE_PREVIEWS = YES;
				GENERATE_INFOPLIST_FILE = YES;
				INFOPLIST_KEY_UIApplicationSceneManifest_Generation = YES;
				INFOPLIST_KEY_UIApplicationSupportsIndirectInputEvents = YES;
				INFOPLIST_KEY_UILaunchScreen_Generation = YES;
				INFOPLIST_KEY_UISupportedInterfaceOrientations_iPad = "UIInterfaceOrientationPortrait UIInterfaceOrientationPortraitUpsideDown UIInterfaceOrientationLandscapeLeft UIInterfaceOrientationLandscapeRight";
				INFOPLIST_KEY_UISupportedInterfaceOrientations_iPhone = "UIInterfaceOrientationPortrait UIInterfaceOrientationLandscapeLeft UIInterfaceOrientationLandscapeRight";
				LD_RUNPATH_SEARCH_PATHS = (
					"$(inherited)",
					"@executable_path/Frameworks",
				);
				MARKETING_VERSION = 1.0;
				PRODUCT_BUNDLE_IDENTIFIER = com.vyom.SlotGame;
				PRODUCT_NAME = "$(TARGET_NAME)";
				SWIFT_EMIT_LOC_STRINGS = YES;
				SWIFT_VERSION = 5.0;
				TARGETED_DEVICE_FAMILY = "1,2";
			};
			name = Debug;
		};
		AFA54DE12DE75AFC003CC9EC /* Release */ = {
			isa = XCBuildConfiguration;
			buildSettings = {
				ASSETCATALOG_COMPILER_APPICON_NAME = AppIcon;
				ASSETCATALOG_COMPILER_GLOBAL_ACCENT_COLOR_NAME = AccentColor;
				CODE_SIGN_STYLE = Automatic;
				CURRENT_PROJECT_VERSION = 1;
				DEVELOPMENT_ASSET_PATHS = "\"SlotGame/Preview Content\"";
				DEVELOPMENT_TEAM = FRJU8X4XQ8;
				ENABLE_PREVIEWS = YES;
				GENERATE_INFOPLIST_FILE = YES;
				INFOPLIST_KEY_UIApplicationSceneManifest_Generation = YES;
				INFOPLIST_KEY_UIApplicationSupportsIndirectInputEvents = YES;
				INFOPLIST_KEY_UILaunchScreen_Generation = YES;
				INFOPLIST_KEY_UISupportedInterfaceOrientations_iPad = "UIInterfaceOrientationPortrait UIInterfaceOrientationPortraitUpsideDown UIInterfaceOrientationLandscapeLeft UIInterfaceOrientationLandscapeRight";
				INFOPLIST_KEY_UISupportedInterfaceOrientations_iPhone = "UIInterfaceOrientationPortrait UIInterfaceOrientationLandscapeLeft UIInterfaceOrientationLandscapeRight";
				LD_RUNPATH_SEARCH_PATHS = (
					"$(inherited)",
					"@executable_path/Frameworks",
				);
				MARKETING_VERSION = 1.0;
				PRODUCT_BUNDLE_IDENTIFIER = com.vyom.SlotGame;
				PRODUCT_NAME = "$(TARGET_NAME)";
				SWIFT_EMIT_LOC_STRINGS = YES;
				SWIFT_VERSION = 5.0;
				TARGETED_DEVICE_FAMILY = "1,2";
			};
			name = Release;
		};
		AFA54DE32DE75AFC003CC9EC /* Debug */ = {
			isa = XCBuildConfiguration;
			buildSettings = {
				BUNDLE_LOADER = "$(TEST_HOST)";
				CODE_SIGN_STYLE = Automatic;
				CURRENT_PROJECT_VERSION = 1;
				DEVELOPMENT_TEAM = FRJU8X4XQ8;
				GENERATE_INFOPLIST_FILE = YES;
				IPHONEOS_DEPLOYMENT_TARGET = 18.0;
				MARKETING_VERSION = 1.0;
				PRODUCT_BUNDLE_IDENTIFIER = com.vyom.SlotGameTests;
				PRODUCT_NAME = "$(TARGET_NAME)";
				SWIFT_EMIT_LOC_STRINGS = NO;
				SWIFT_VERSION = 5.0;
				TARGETED_DEVICE_FAMILY = "1,2";
				TEST_HOST = "$(BUILT_PRODUCTS_DIR)/SlotGame.app/$(BUNDLE_EXECUTABLE_FOLDER_PATH)/SlotGame";
			};
			name = Debug;
		};
		AFA54DE42DE75AFC003CC9EC /* Release */ = {
			isa = XCBuildConfiguration;
			buildSettings = {
				BUNDLE_LOADER = "$(TEST_HOST)";
				CODE_SIGN_STYLE = Automatic;
				CURRENT_PROJECT_VERSION = 1;
				DEVELOPMENT_TEAM = FRJU8X4XQ8;
				GENERATE_INFOPLIST_FILE = YES;
				IPHONEOS_DEPLOYMENT_TARGET = 18.0;
				MARKETING_VERSION = 1.0;
				PRODUCT_BUNDLE_IDENTIFIER = com.vyom.SlotGameTests;
				PRODUCT_NAME = "$(TARGET_NAME)";
				SWIFT_EMIT_LOC_STRINGS = NO;
				SWIFT_VERSION = 5.0;
				TARGETED_DEVICE_FAMILY = "1,2";
				TEST_HOST = "$(BUILT_PRODUCTS_DIR)/SlotGame.app/$(BUNDLE_EXECUTABLE_FOLDER_PATH)/SlotGame";
			};
			name = Release;
		};
		AFA54DE62DE75AFC003CC9EC /* Debug */ = {
			isa = XCBuildConfiguration;
			buildSettings = {
				CODE_SIGN_STYLE = Automatic;
				CURRENT_PROJECT_VERSION = 1;
				DEVELOPMENT_TEAM = FRJU8X4XQ8;
				GENERATE_INFOPLIST_FILE = YES;
				MARKETING_VERSION = 1.0;
				PRODUCT_BUNDLE_IDENTIFIER = com.vyom.SlotGameUITests;
				PRODUCT_NAME = "$(TARGET_NAME)";
				SWIFT_EMIT_LOC_STRINGS = NO;
				SWIFT_VERSION = 5.0;
				TARGETED_DEVICE_FAMILY = "1,2";
				TEST_TARGET_NAME = SlotGame;
			};
			name = Debug;
		};
		AFA54DE72DE75AFC003CC9EC /* Release */ = {
			isa = XCBuildConfiguration;
			buildSettings = {
				CODE_SIGN_STYLE = Automatic;
				CURRENT_PROJECT_VERSION = 1;
				DEVELOPMENT_TEAM = FRJU8X4XQ8;
				GENERATE_INFOPLIST_FILE = YES;
				MARKETING_VERSION = 1.0;
				PRODUCT_BUNDLE_IDENTIFIER = com.vyom.SlotGameUITests;
				PRODUCT_NAME = "$(TARGET_NAME)";
				SWIFT_EMIT_LOC_STRINGS = NO;
				SWIFT_VERSION = 5.0;
				TARGETED_DEVICE_FAMILY = "1,2";
				TEST_TARGET_NAME = SlotGame;
			};
			name = Release;
		};
/* End XCBuildConfiguration section */

/* Begin XCConfigurationList section */
		AFA54DB62DE75AF9003CC9EC /* Build configuration list for PBXProject "SlotGame" */ = {
			isa = XCConfigurationList;
			buildConfigurations = (
				AFA54DDD2DE75AFC003CC9EC /* Debug */,
				AFA54DDE2DE75AFC003CC9EC /* Release */,
			);
			defaultConfigurationIsVisible = 0;
			defaultConfigurationName = Release;
		};
		AFA54DDF2DE75AFC003CC9EC /* Build configuration list for PBXNativeTarget "SlotGame" */ = {
			isa = XCConfigurationList;
			buildConfigurations = (
				AFA54DE02DE75AFC003CC9EC /* Debug */,
				AFA54DE12DE75AFC003CC9EC /* Release */,
			);
			defaultConfigurationIsVisible = 0;
			defaultConfigurationName = Release;
		};
		AFA54DE22DE75AFC003CC9EC /* Build configuration list for PBXNativeTarget "SlotGameTests" */ = {
			isa = XCConfigurationList;
			buildConfigurations = (
				AFA54DE32DE75AFC003CC9EC /* Debug */,
				AFA54DE42DE75AFC003CC9EC /* Release */,
			);
			defaultConfigurationIsVisible = 0;
			defaultConfigurationName = Release;
		};
		AFA54DE52DE75AFC003CC9EC /* Build configuration list for PBXNativeTarget "SlotGameUITests" */ = {
			isa = XCConfigurationList;
			buildConfigurations = (
				AFA54DE62DE75AFC003CC9EC /* Debug */,
				AFA54DE72DE75AFC003CC9EC /* Release */,
			);
			defaultConfigurationIsVisible = 0;
			defaultConfigurationName = Release;
		};
/* End XCConfigurationList section */
	};
	rootObject = AFA54DB32DE75AF9003CC9EC /* Project object */;
}
